
Microsoft Visual Studio Solution File, Format Version 12.00
# Visual Studio Version 16
VisualStudioVersion = 16.0.30523.141
MinimumVisualStudioVersion = 10.0.40219.1
Project("{FAE04EC0-301F-11D3-BF4B-00C04F79EFBC}") = "FrutasVerdurasDeshidratadas", "FrutasVerdurasDeshidratadas\FrutasVerdurasDeshidratadas.csproj", "{1FB80829-418F-4016-A860-E6DCBBE274FD}"
EndProject
Global
	GlobalSection(SolutionConfigurationPlatforms) = preSolution
		Debug|Any CPU = Debug|Any CPU
		Release|Any CPU = Release|Any CPU
	EndGlobalSection
	GlobalSection(ProjectConfigurationPlatforms) = postSolution
		{1FB80829-418F-4016-A860-E6DCBBE274FD}.Debug|Any CPU.ActiveCfg = Debug|Any CPU
		{1FB80829-418F-4016-A860-E6DCBBE274FD}.Debug|Any CPU.Build.0 = Debug|Any CPU
		{1FB80829-418F-4016-A860-E6DCBBE274FD}.Release|Any CPU.ActiveCfg = Release|Any CPU
		{1FB80829-418F-4016-A860-E6DCBBE274FD}.Release|Any CPU.Build.0 = Release|Any CPU
	EndGlobalSection
	GlobalSection(SolutionProperties) = preSolution
		HideSolutionNode = FALSE
	EndGlobalSection
	GlobalSection(ExtensibilityGlobals) = postSolution
		SolutionGuid = {D081AB22-5174-467A-8A56-3CD43AF14689}
	EndGlobalSection
EndGlobal
